
Microsoft Visual Studio Solution File, Format Version 12.00
# Visual Studio Version 16
VisualStudioVersion = 16.0.31025.194
MinimumVisualStudioVersion = 10.0.40219.1
Project("{9A19103F-16F7-4668-BE54-9A1E7A4F7556}") = "CashRegisterSystem", "CashRegisterSystem\CashRegisterSystem.csproj", "{7EAB9B21-F564-45F9-8AA7-32CAD0986746}"
EndProject
Project("{9A19103F-16F7-4668-BE54-9A1E7A4F7556}") = "xUnitTest-CashRegisterSystem", "xUnitTest-CashRegisterSystem\xUnitTest-CashRegisterSystem.csproj", "{FBEACA9E-3E49-4EA8-8A8E-3BB08D7D9ABC}"
EndProject
Global
	GlobalSection(SolutionConfigurationPlatforms) = preSolution
		Debug|Any CPU = Debug|Any CPU
		Release|Any CPU = Release|Any CPU
	EndGlobalSection
	GlobalSection(ProjectConfigurationPlatforms) = postSolution
		{7EAB9B21-F564-45F9-8AA7-32CAD0986746}.Debug|Any CPU.ActiveCfg = Debug|Any CPU
		{7EAB9B21-F564-45F9-8AA7-32CAD0986746}.Debug|Any CPU.Build.0 = Debug|Any CPU
		{7EAB9B21-F564-45F9-8AA7-32CAD0986746}.Release|Any CPU.ActiveCfg = Release|Any CPU
		{7EAB9B21-F564-45F9-8AA7-32CAD0986746}.Release|Any CPU.Build.0 = Release|Any CPU
		{FBEACA9E-3E49-4EA8-8A8E-3BB08D7D9ABC}.Debug|Any CPU.ActiveCfg = Debug|Any CPU
		{FBEACA9E-3E49-4EA8-8A8E-3BB08D7D9ABC}.Debug|Any CPU.Build.0 = Debug|Any CPU
		{FBEACA9E-3E49-4EA8-8A8E-3BB08D7D9ABC}.Release|Any CPU.ActiveCfg = Release|Any CPU
		{FBEACA9E-3E49-4EA8-8A8E-3BB08D7D9ABC}.Release|Any CPU.Build.0 = Release|Any CPU
	EndGlobalSection
	GlobalSection(SolutionProperties) = preSolution
		HideSolutionNode = FALSE
	EndGlobalSection
	GlobalSection(ExtensibilityGlobals) = postSolution
		SolutionGuid = {332B56B7-04E4-4C9B-B820-8867FDF917E1}
	EndGlobalSection
EndGlobal
